{
    "_readme": [
        "This file locks the dependencies of your project to a known state",
        "Read more about it at https://getcomposer.org/doc/01-basic-usage.md#composer-lock-the-lock-file",
        "This file is @generated automatically"
    ],
    "content-hash": "38471ed4e0c5cc6aed3cc99f7b392f08",
    "packages": [
        {
            "name": "gregwar/captcha",
            "version": "dev-master",
            "source": {
                "type": "git",
                "url": "https://github.com/Gregwar/Captcha.git",
                "reference": "0185f4a64faef65612792f0d9a48dbe8d70c585c"
            },
            "dist": {
                "type": "zip",
                "url": "https://files.phpcomposer.com/files/Gregwar/Captcha/0185f4a64faef65612792f0d9a48dbe8d70c585c.zip",
                "reference": "0185f4a64faef65612792f0d9a48dbe8d70c585c",
                "shasum": ""
            },
            "require": {
                "ext-gd": "*",
                "ext-mbstring": "*",
                "php": ">=5.3.0",
                "symfony/finder": "~3.0"
            },
            "require-dev": {
                "phpunit/phpunit": "^6.4"
            },
            "type": "captcha",
            "autoload": {
                "psr-4": {
                    "Gregwar\\": "src/Gregwar"
                }
            },
            "notification-url": "https://packagist.org/downloads/",
            "license": [
                "MIT"
            ],
            "authors": [
                {
                    "name": "Grégoire Passault",
                    "email": "g.passault@gmail.com",
                    "homepage": "http://www.gregwar.com/"
                },
                {
                    "name": "Jeremy Livingston",
                    "email": "jeremy.j.livingston@gmail.com"
                }
            ],
            "description": "Captcha generator",
            "homepage": "https://github.com/Gregwar/Captcha",
            "keywords": [
                "bot",
                "captcha",
                "spam"
            ],
            "time": "2017-12-01T13:59:36+00:00"
        },
        {
            "name": "houdunwang/arr",
            "version": "v1.0.18",
            "source": {
                "type": "git",
                "url": "https://github.com/houdunwang/arr.git",
                "reference": "2b6381d67f13f9dfb174cf99f7cdd7cecd88c8c3"
            },
            "dist": {
                "type": "zip",
                "url": "https://files.phpcomposer.com/files/houdunwang/arr/2b6381d67f13f9dfb174cf99f7cdd7cecd88c8c3.zip",
                "reference": "2b6381d67f13f9dfb174cf99f7cdd7cecd88c8c3",
                "shasum": ""
            },
            "require": {
                "php": ">=5.4.0"
            },
            "require-dev": {
                "phpunit/phpunit": "^6.1"
            },
            "type": "library",
            "autoload": {
                "files": [],
                "psr-4": {
                    "houdunwang\\arr\\": "src"
                }
            },
            "notification-url": "https://packagist.org/downloads/",
            "license": [
                "MIT"
            ],
            "authors": [
                {
                    "name": "后盾网向军",
                    "email": "2300071698@qq.com"
                }
            ],
            "description": "数组增强组件主要是对数组等数据进行处理，如无限级分类操作、商品规格的迪卡尔乘积运算等",
            "homepage": "http://www.houdunwang.com/",
            "keywords": [
                "array",
                "hdphp",
                "houdunwang",
                "后盾人",
                "后盾网",
                "向军老师"
            ],
            "time": "2017-10-10T12:17:48+00:00"
        },
        {
            "name": "houdunwang/config",
            "version": "v1.0.23",
            "source": {
                "type": "git",
                "url": "https://github.com/houdunwang/config.git",
                "reference": "9c5d5dcf7825fec9f55ad9b48632a8f9ab1d3215"
            },
            "dist": {
                "type": "zip",
                "url": "https://files.phpcomposer.com/files/houdunwang/config/9c5d5dcf7825fec9f55ad9b48632a8f9ab1d3215.zip",
                "reference": "9c5d5dcf7825fec9f55ad9b48632a8f9ab1d3215",
                "shasum": ""
            },
            "require": {
                "php": ">=5.4.0"
            },
            "require-dev": {
                "phpunit/phpunit": "^6.1"
            },
            "type": "library",
            "autoload": {
                "files": [
                    "src/helper.php"
                ],
                "psr-4": {
                    "houdunwang\\config\\": "src"
                }
            },
            "notification-url": "https://packagist.org/downloads/",
            "license": [
                "MIT"
            ],
            "authors": [
                {
                    "name": "后盾网向军",
                    "email": "2300071698@qq.com"
                }
            ],
            "description": "config组件用于管理网站配置项",
            "homepage": "http://www.houdunwang.com/",
            "keywords": [
                "hdphp",
                "houdunwang",
                "后盾人",
                "后盾网",
                "向军老师",
                "配置管理"
            ],
            "time": "2017-10-10T12:21:46+00:00"
        },
        {
            "name": "houdunwang/cookie",
            "version": "v1.0.18",
            "source": {
                "type": "git",
                "url": "https://github.com/houdunwang/cookie.git",
                "reference": "2ad743187c14ce532272a6386a19995df553f5eb"
            },
            "dist": {
                "type": "zip",
                "url": "https://files.phpcomposer.com/files/houdunwang/cookie/2ad743187c14ce532272a6386a19995df553f5eb.zip",
                "reference": "2ad743187c14ce532272a6386a19995df553f5eb",
                "shasum": ""
            },
            "require": {
                "houdunwang/arr": "~1.0",
                "houdunwang/config": "~1.0",
                "houdunwang/crypt": "~1.0",
                "php": ">=5.6.0"
            },
            "require-dev": {
                "phpunit/phpunit": "^6.1"
            },
            "type": "library",
            "autoload": {
                "files": [],
                "psr-4": {
                    "houdunwang\\cookie\\": "src"
                }
            },
            "notification-url": "https://packagist.org/downloads/",
            "license": [
                "MIT"
            ],
            "authors": [
                {
                    "name": "后盾网向军",
                    "email": "2300071698@qq.com"
                }
            ],
            "description": "COOKIE管理组件",
            "homepage": "http://www.houdunwang.com/",
            "keywords": [
                "cookie",
                "hdphp",
                "houdunwang",
                "后盾人",
                "后盾网",
                "向军老师"
            ],
            "time": "2017-10-10T12:22:06+00:00"
        },
        {
            "name": "houdunwang/crypt",
            "version": "v1.0.19",
            "source": {
                "type": "git",
                "url": "https://github.com/houdunwang/crypt.git",
                "reference": "d059eed0bacf912bd59f6590876729818dfcf4fb"
            },
            "dist": {
                "type": "zip",
                "url": "https://files.phpcomposer.com/files/houdunwang/crypt/d059eed0bacf912bd59f6590876729818dfcf4fb.zip",
                "reference": "d059eed0bacf912bd59f6590876729818dfcf4fb",
                "shasum": ""
            },
            "require": {
                "houdunwang/config": "~1.0",
                "php": ">=5.4.0"
            },
            "require-dev": {
                "phpunit/phpunit": "^6.1"
            },
            "type": "library",
            "autoload": {
                "files": [
                    "src/helper.php"
                ],
                "psr-4": {
                    "houdunwang\\crypt\\": "src"
                }
            },
            "notification-url": "https://packagist.org/downloads/",
            "license": [
                "MIT"
            ],
            "authors": [
                {
                    "name": "后盾网向军",
                    "email": "2300071698@qq.com"
                }
            ],
            "description": "crypt加密组件包提供功能强大的加密功能",
            "homepage": "http://www.houdunwang.com/",
            "keywords": [
                "hdphp",
                "houdunwang",
                "mcrypt",
                "加密解密",
                "后盾人",
                "后盾网",
                "向军老师"
            ],
            "time": "2017-10-10T12:22:15+00:00"
        },
        {
            "name": "houdunwang/db",
            "version": "v1.0.40",
            "source": {
                "type": "git",
                "url": "https://github.com/houdunwang/db.git",
                "reference": "ad9b7262241173b4eddfbc180a3ecc5ba2423e87"
            },
            "dist": {
                "type": "zip",
                "url": "https://files.phpcomposer.com/files/houdunwang/db/ad9b7262241173b4eddfbc180a3ecc5ba2423e87.zip",
                "reference": "ad9b7262241173b4eddfbc180a3ecc5ba2423e87",
                "shasum": ""
            },
            "require": {
                "houdunwang/arr": "~1.0",
                "houdunwang/config": "~1.0",
                "houdunwang/dir": "~1.0",
                "houdunwang/page": "~1.0",
                "houdunwang/request": "~1.0",
                "php": ">=5.5.0"
            },
            "require-dev": {
                "phpunit/phpunit": "^6.1"
            },
            "type": "library",
            "autoload": {
                "files": [
                    "src/helper.php"
                ],
                "psr-4": {
                    "houdunwang\\db\\": "src"
                }
            },
            "notification-url": "https://packagist.org/downloads/",
            "license": [
                "MIT"
            ],
            "authors": [
                {
                    "name": "后盾网向军",
                    "email": "2300071698@qq.com"
                }
            ],
            "description": "数据库管理组件提供了丰富的数据操作功能，使用我们在开发中快速的管理数据",
            "homepage": "http://www.houdunwang.com/",
            "keywords": [
                "hdphp",
                "houdunwang",
                "后盾人",
                "后盾网",
                "向军老师",
                "数据库管理"
            ],
            "time": "2017-12-12T04:37:14+00:00"
        },
        {
            "name": "houdunwang/dir",
            "version": "v1.0.8",
            "source": {
                "type": "git",
                "url": "https://github.com/houdunwang/dir.git",
                "reference": "cc0aeb304a050b91a7916345a4ca6354cc63e2e4"
            },
            "dist": {
                "type": "zip",
                "url": "https://files.phpcomposer.com/files/houdunwang/dir/cc0aeb304a050b91a7916345a4ca6354cc63e2e4.zip",
                "reference": "cc0aeb304a050b91a7916345a4ca6354cc63e2e4",
                "shasum": ""
            },
            "require": {
                "php": ">=5.6.0"
            },
            "require-dev": {
                "phpunit/phpunit": "^6.1"
            },
            "type": "library",
            "autoload": {
                "files": [],
                "psr-4": {
                    "houdunwang\\dir\\": "src"
                }
            },
            "notification-url": "https://packagist.org/downloads/",
            "license": [
                "MIT"
            ],
            "authors": [
                {
                    "name": "后盾网向军",
                    "email": "2300071698@qq.com"
                }
            ],
            "description": "目录组件用于对常用目录操作的实现",
            "homepage": "http://www.houdunwang.com/",
            "keywords": [
                "hdphp",
                "houdunwang",
                "后盾人",
                "后盾网",
                "向军老师",
                "目录管理"
            ],
            "time": "2017-12-12T04:37:35+00:00"
        },
        {
            "name": "houdunwang/page",
            "version": "v1.0.20",
            "source": {
                "type": "git",
                "url": "https://github.com/houdunwang/page.git",
                "reference": "1cf895a13f49b925cdaad1972a99ba0aabaf7de8"
            },
            "dist": {
                "type": "zip",
                "url": "https://files.phpcomposer.com/files/houdunwang/page/1cf895a13f49b925cdaad1972a99ba0aabaf7de8.zip",
                "reference": "1cf895a13f49b925cdaad1972a99ba0aabaf7de8",
                "shasum": ""
            },
            "require": {
                "houdunwang/config": "~1.0",
                "houdunwang/request": "~1.0",
                "php": ">=5.4.0"
            },
            "require-dev": {
                "phpunit/phpunit": "^6.1"
            },
            "type": "library",
            "autoload": {
                "files": [],
                "psr-4": {
                    "houdunwang\\page\\": "src"
                }
            },
            "notification-url": "https://packagist.org/downloads/",
            "license": [
                "MIT"
            ],
            "authors": [
                {
                    "name": "后盾网向军",
                    "email": "2300071698@qq.com"
                }
            ],
            "description": "分页组件可以产生基于当前页面的智能「范围」链接，所产生的 HTML 兼容 Bootstrap CSS 框架.",
            "homepage": "http://www.houdunwang.com/",
            "keywords": [
                "hdphp",
                "houdunwang",
                "page",
                "后盾人",
                "后盾网",
                "后盾网向军"
            ],
            "time": "2017-12-12T04:38:54+00:00"
        },
        {
            "name": "houdunwang/rbac",
            "version": "dev-master",
            "source": {
                "type": "git",
                "url": "https://github.com/houdunwang/rbac.git",
                "reference": "b83d2076fa4c10b23151a79ac16b88e1a7894d9b"
            },
            "dist": {
                "type": "zip",
                "url": "https://files.phpcomposer.com/files/houdunwang/rbac/b83d2076fa4c10b23151a79ac16b88e1a7894d9b.zip",
                "reference": "b83d2076fa4c10b23151a79ac16b88e1a7894d9b",
                "shasum": ""
            },
            "require": {
                "houdunwang/arr": "~1.0",
                "houdunwang/config": "~1.0",
                "houdunwang/db": "~1.0",
                "houdunwang/session": "~1.0",
                "php": ">=5.4.0"
            },
            "type": "library",
            "autoload": {
                "files": [],
                "psr-4": {
                    "houdunwang\\rbac\\": "src"
                }
            },
            "notification-url": "https://packagist.org/downloads/",
            "license": [
                "MIT"
            ],
            "authors": [
                {
                    "name": "后盾网向军",
                    "email": "2300071698@qq.com"
                }
            ],
            "description": "基于角色的访问控制（Role-Based Access Control）作为传统访问控制（自主访问，强制访问）的有前景的代替受到广泛的关注。在RBAC中，权限与角色相关联，用户通过成为适当角色的成员而得到这些角色的权限。这就极大地简化了权限的管理。",
            "homepage": "http://www.houdunwang.com/",
            "keywords": [
                "hdphp",
                "houdunwang",
                "rbac",
                "后盾人",
                "后盾网",
                "向军老师"
            ],
            "time": "2017-10-10T12:27:45+00:00"
        },
        {
            "name": "houdunwang/request",
            "version": "v1.0.29",
            "source": {
                "type": "git",
                "url": "https://github.com/houdunwang/request.git",
                "reference": "20d2698e106e4022317fe1acf3f720ede3b6bd5e"
            },
            "dist": {
                "type": "zip",
                "url": "https://files.phpcomposer.com/files/houdunwang/request/20d2698e106e4022317fe1acf3f720ede3b6bd5e.zip",
                "reference": "20d2698e106e4022317fe1acf3f720ede3b6bd5e",
                "shasum": ""
            },
            "require": {
                "houdunwang/arr": "~1.0",
                "houdunwang/cookie": "~1.0",
                "houdunwang/session": "~1.0",
                "houdunwang/tool": "~1.0",
                "php": ">=5.4.0"
            },
            "require-dev": {
                "phpunit/phpunit": "^6.1"
            },
            "type": "library",
            "autoload": {
                "files": [
                    "src/helper.php"
                ],
                "psr-4": {
                    "houdunwang\\request\\": "src"
                }
            },
            "notification-url": "https://packagist.org/downloads/",
            "license": [
                "MIT"
            ],
            "authors": [
                {
                    "name": "后盾网向军",
                    "email": "2300071698@qq.com"
                }
            ],
            "description": "客户端请求处理组件",
            "homepage": "http://www.houdunwang.com/",
            "keywords": [
                "hdphp",
                "houdunwang",
                "json",
                "request",
                "后盾人",
                "后盾网",
                "向军老师"
            ],
            "time": "2017-12-12T04:39:00+00:00"
        },
        {
            "name": "houdunwang/session",
            "version": "v1.0.26",
            "source": {
                "type": "git",
                "url": "https://github.com/houdunwang/session.git",
                "reference": "4cf7bc11e1371ed969824fa6339a6b92399622a2"
            },
            "dist": {
                "type": "zip",
                "url": "https://files.phpcomposer.com/files/houdunwang/session/4cf7bc11e1371ed969824fa6339a6b92399622a2.zip",
                "reference": "4cf7bc11e1371ed969824fa6339a6b92399622a2",
                "shasum": ""
            },
            "require": {
                "houdunwang/config": "~1.0",
                "houdunwang/cookie": "~1.0",
                "php": ">=5.4.0"
            },
            "require-dev": {
                "phpunit/phpunit": "^6.1"
            },
            "type": "library",
            "autoload": {
                "files": [],
                "psr-4": {
                    "houdunwang\\session\\": "src"
                }
            },
            "notification-url": "https://packagist.org/downloads/",
            "license": [
                "MIT"
            ],
            "authors": [
                {
                    "name": "后盾网向军",
                    "email": "2300071698@qq.com"
                }
            ],
            "description": "SESSION会话管理组件",
            "homepage": "http://www.houdunwang.com/",
            "keywords": [
                "hdphp",
                "houdunwang",
                "mcrypt",
                "session",
                "后盾人",
                "后盾网",
                "向军老师"
            ],
            "time": "2017-10-10T12:28:17+00:00"
        },
        {
            "name": "houdunwang/tool",
            "version": "v1.0.7",
            "source": {
                "type": "git",
                "url": "https://github.com/houdunwang/tool.git",
                "reference": "0df002d964709b89da3f819359aab48db3c8eb6a"
            },
            "dist": {
                "type": "zip",
                "url": "https://files.phpcomposer.com/files/houdunwang/tool/0df002d964709b89da3f819359aab48db3c8eb6a.zip",
                "reference": "0df002d964709b89da3f819359aab48db3c8eb6a",
                "shasum": ""
            },
            "require": {
                "php": ">=5.4.0"
            },
            "require-dev": {
                "phpunit/phpunit": "^6.1"
            },
            "type": "library",
            "autoload": {
                "files": [],
                "psr-4": {
                    "houdunwang\\tool\\": "src"
                }
            },
            "notification-url": "https://packagist.org/downloads/",
            "license": [
                "MIT"
            ],
            "authors": [
                {
                    "name": "后盾网向军",
                    "email": "2300071698@qq.com"
                }
            ],
            "description": "工具组件包含开发中常用的一些小功能",
            "homepage": "http://www.houdunwang.com/",
            "keywords": [
                "hdphp",
                "houdunwang",
                "tool",
                "后盾人",
                "后盾网",
                "向军老师"
            ],
            "time": "2017-10-10T12:28:36+00:00"
        },
        {
            "name": "symfony/finder",
            "version": "v3.3.6",
            "source": {
                "type": "git",
                "url": "https://github.com/symfony/finder.git",
                "reference": "baea7f66d30854ad32988c11a09d7ffd485810c4"
            },
            "dist": {
                "type": "zip",
                "url": "https://files.phpcomposer.com/files/symfony/finder/baea7f66d30854ad32988c11a09d7ffd485810c4.zip",
                "reference": "baea7f66d30854ad32988c11a09d7ffd485810c4",
                "shasum": ""
            },
            "require": {
                "php": ">=5.5.9"
            },
            "type": "library",
            "extra": {
                "branch-alias": {
                    "dev-master": "3.3-dev"
                }
            },
            "autoload": {
                "psr-4": {
                    "Symfony\\Component\\Finder\\": ""
                },
                "exclude-from-classmap": [
                    "/Tests/"
                ]
            },
            "notification-url": "https://packagist.org/downloads/",
            "license": [
                "MIT"
            ],
            "authors": [
                {
                    "name": "Fabien Potencier",
                    "email": "fabien@symfony.com"
                },
                {
                    "name": "Symfony Community",
                    "homepage": "https://symfony.com/contributors"
                }
            ],
            "description": "Symfony Finder Component",
            "homepage": "https://symfony.com",
            "time": "2017-06-01T21:01:25+00:00"
        }
    ],
    "packages-dev": [],
    "aliases": [],
    "minimum-stability": "dev",
    "stability-flags": {
        "gregwar/captcha": 20
    },
    "prefer-stable": false,
    "prefer-lowest": false,
    "platform": [],
    "platform-dev": []
}
